// !$*UTF8*$!
{
	archiveVersion = 1;
	classes = {
	};
	objectVersion = 56;
	objects = {

/* Begin PBXBuildFile section */
		7C272D8F2C02142C00BEF88B /* AppDelegate.swift in Sources */ = {isa = PBXBuildFile; fileRef = 7C272D8E2C02142C00BEF88B /* AppDelegate.swift */; };
		7C272D912C02142C00BEF88B /* SceneDelegate.swift in Sources */ = {isa = PBXBuildFile; fileRef = 7C272D902C02142C00BEF88B /* SceneDelegate.swift */; };
		7C272D932C02142C00BEF88B /* ViewController.swift in Sources */ = {isa = PBXBuildFile; fileRef = 7C272D922C02142C00BEF88B /* ViewController.swift */; };
		7C272D962C02142C00BEF88B /* Base in Resources */ = {isa = PBXBuildFile; fileRef = 7C272D952C02142C00BEF88B /* Base */; };
		7C272D982C02142F00BEF88B /* Assets.xcassets in Resources */ = {isa = PBXBuildFile; fileRef = 7C272D972C02142F00BEF88B /* Assets.xcassets */; };
		7C272D9B2C02142F00BEF88B /* Base in Resources */ = {isa = PBXBuildFile; fileRef = 7C272D9A2C02142F00BEF88B /* Base */; };
		7C272DA42C02144E00BEF88B /* UIKit.framework in Frameworks */ = {isa = PBXBuildFile; fileRef = 7C272DA32C02144E00BEF88B /* UIKit.framework */; };
		7C272DA62C02145400BEF88B /* MapKit.framework in Frameworks */ = {isa = PBXBuildFile; fileRef = 7C272DA52C02145400BEF88B /* MapKit.framework */; };
		7C272DAB2C02151A00BEF88B /* Localizable.strings in Resources */ = {isa = PBXBuildFile; fileRef = 7C272DAA2C02151A00BEF88B /* Localizable.strings */; };
		7C272DAE2C02163E00BEF88B /* CoreLocation.framework in Frameworks */ = {isa = PBXBuildFile; fileRef = 7C272DAD2C02163E00BEF88B /* CoreLocation.framework */; };
		7C5166AC2C06F69C004CBBD2 /* InfoPlist.strings in Resources */ = {isa = PBXBuildFile; fileRef = 7C5166AB2C06F69C004CBBD2 /* InfoPlist.strings */; };
/* End PBXBuildFile section */

/* Begin PBXFileReference section */
		7C272D8B2C02142C00BEF88B /* UserLocationTrackApp.app */ = {isa = PBXFileReference; explicitFileType = wrapper.application; includeInIndex = 0; path = UserLocationTrackApp.app; sourceTree = BUILT_PRODUCTS_DIR; };
		7C272D8E2C02142C00BEF88B /* AppDelegate.swift */ = {isa = PBXFileReference; lastKnownFileType = sourcecode.swift; path = AppDelegate.swift; sourceTree = "<group>"; };
		7C272D902C02142C00BEF88B /* SceneDelegate.swift */ = {isa = PBXFileReference; lastKnownFileType = sourcecode.swift; path = SceneDelegate.swift; sourceTree = "<group>"; };
		7C272D922C02142C00BEF88B /* ViewController.swift */ = {isa = PBXFileReference; lastKnownFileType = sourcecode.swift; path = ViewController.swift; sourceTree = "<group>"; };
		7C272D952C02142C00BEF88B /* Base */ = {isa = PBXFileReference; lastKnownFileType = file.storyboard; name = Base; path = Base.lproj/Main.storyboard; sourceTree = "<group>"; };
		7C272D972C02142F00BEF88B /* Assets.xcassets */ = {isa = PBXFileReference; lastKnownFileType = folder.assetcatalog; path = Assets.xcassets; sourceTree = "<group>"; };
		7C272D9A2C02142F00BEF88B /* Base */ = {isa = PBXFileReference; lastKnownFileType = file.storyboard; name = Base; path = Base.lproj/LaunchScreen.storyboard; sourceTree = "<group>"; };
		7C272D9C2C02142F00BEF88B /* Info.plist */ = {isa = PBXFileReference; lastKnownFileType = text.plist.xml; path = Info.plist; sourceTree = "<group>"; };
		7C272DA32C02144E00BEF88B /* UIKit.framework */ = {isa = PBXFileReference; lastKnownFileType = wrapper.framework; name = UIKit.framework; path = System/Library/Frameworks/UIKit.framework; sourceTree = SDKROOT; };
		7C272DA52C02145400BEF88B /* MapKit.framework */ = {isa = PBXFileReference; lastKnownFileType = wrapper.framework; name = MapKit.framework; path = System/Library/Frameworks/MapKit.framework; sourceTree = SDKROOT; };
		7C272DA92C02151A00BEF88B /* en */ = {isa = PBXFileReference; lastKnownFileType = text.plist.strings; name = en; path = en.lproj/Localizable.strings; sourceTree = "<group>"; };
		7C272DAC2C02152A00BEF88B /* ja */ = {isa = PBXFileReference; lastKnownFileType = text.plist.strings; name = ja; path = ja.lproj/Localizable.strings; sourceTree = "<group>"; };
		7C272DAD2C02163E00BEF88B /* CoreLocation.framework */ = {isa = PBXFileReference; lastKnownFileType = wrapper.framework; name = CoreLocation.framework; path = System/Library/Frameworks/CoreLocation.framework; sourceTree = SDKROOT; };
		7C5166AA2C06F69C004CBBD2 /* en */ = {isa = PBXFileReference; lastKnownFileType = text.plist.strings; name = en; path = en.lproj/InfoPlist.strings; sourceTree = "<group>"; };
		7C5166AD2C06F6A1004CBBD2 /* ja */ = {isa = PBXFileReference; lastKnownFileType = text.plist.strings; name = ja; path = ja.lproj/InfoPlist.strings; sourceTree = "<group>"; };
/* End PBXFileReference section */

/* Begin PBXFrameworksBuildPhase section */
		7C272D882C02142C00BEF88B /* Frameworks */ = {
			isa = PBXFrameworksBuildPhase;
			buildActionMask = 2147483647;
			files = (
				7C272DAE2C02163E00BEF88B /* CoreLocation.framework in Frameworks */,
				7C272DA62C02145400BEF88B /* MapKit.framework in Frameworks */,
				7C272DA42C02144E00BEF88B /* UIKit.framework in Frameworks */,
			);
			runOnlyForDeploymentPostprocessing = 0;
		};
/* End PBXFrameworksBuildPhase section */

/* Begin PBXGroup section */
		7C272D822C02142C00BEF88B = {
			isa = PBXGroup;
			children = (
				7C272D8D2C02142C00BEF88B /* UserLocationTrackApp */,
				7C272D8C2C02142C00BEF88B /* Products */,
				7C272DA22C02144D00BEF88B /* Frameworks */,
			);
			sourceTree = "<group>";
		};
		7C272D8C2C02142C00BEF88B /* Products */ = {
			isa = PBXGroup;
			children = (
				7C272D8B2C02142C00BEF88B /* UserLocationTrackApp.app */,
			);
			name = Products;
			sourceTree = "<group>";
		};
		7C272D8D2C02142C00BEF88B /* UserLocationTrackApp */ = {
			isa = PBXGroup;
			children = (
				7C272D8E2C02142C00BEF88B /* AppDelegate.swift */,
				7C272D902C02142C00BEF88B /* SceneDelegate.swift */,
				7C272D922C02142C00BEF88B /* ViewController.swift */,
				7C272D942C02142C00BEF88B /* Main.storyboard */,
				7C272D972C02142F00BEF88B /* Assets.xcassets */,
				7C272D992C02142F00BEF88B /* LaunchScreen.storyboard */,
				7C272D9C2C02142F00BEF88B /* Info.plist */,
				7C5166AB2C06F69C004CBBD2 /* InfoPlist.strings */,
				7C272DAA2C02151A00BEF88B /* Localizable.strings */,
			);
			path = UserLocationTrackApp;
			sourceTree = "<group>";
		};
		7C272DA22C02144D00BEF88B /* Frameworks */ = {
			isa = PBXGroup;
			children = (
				7C272DAD2C02163E00BEF88B /* CoreLocation.framework */,
				7C272DA52C02145400BEF88B /* MapKit.framework */,
				7C272DA32C02144E00BEF88B /* UIKit.framework */,
			);
			name = Frameworks;
			sourceTree = "<group>";
		};
/* End PBXGroup section */

/* Begin PBXNativeTarget section */
		7C272D8A2C02142C00BEF88B /* UserLocationTrackApp */ = {
			isa = PBXNativeTarget;
			buildConfigurationList = 7C272D9F2C02142F00BEF88B /* Build configuration list for PBXNativeTarget "UserLocationTrackApp" */;
			buildPhases = (
				7C272D872C02142C00BEF88B /* Sources */,
				7C272D882C02142C00BEF88B /* Frameworks */,
				7C272D892C02142C00BEF88B /* Resources */,
			);
			buildRules = (
			);
			dependencies = (
			);
			name = UserLocationTrackApp;
			productName = UserLocationTrackApp;
			productReference = 7C272D8B2C02142C00BEF88B /* UserLocationTrackApp.app */;
			productType = "com.apple.product-type.application";
		};
/* End PBXNativeTarget section */

/* Begin PBXProject section */
		7C272D832C02142C00BEF88B /* Project object */ = {
			isa = PBXProject;
			attributes = {
				BuildIndependentTargetsInParallel = 1;
				LastSwiftUpdateCheck = 1540;
				LastUpgradeCheck = 1540;
				TargetAttributes = {
					7C272D8A2C02142C00BEF88B = {
						CreatedOnToolsVersion = 15.4;
					};
				};
			};
			buildConfigurationList = 7C272D862C02142C00BEF88B /* Build configuration list for PBXProject "UserLocationTrackApp" */;
			compatibilityVersion = "Xcode 14.0";
			developmentRegion = en;
			hasScannedForEncodings = 0;
			knownRegions = (
				en,
				Base,
				ja,
			);
			mainGroup = 7C272D822C02142C00BEF88B;
			productRefGroup = 7C272D8C2C02142C00BEF88B /* Products */;
			projectDirPath = "";
			projectRoot = "";
			targets = (
				7C272D8A2C02142C00BEF88B /* UserLocationTrackApp */,
			);
		};
/* End PBXProject section */

/* Begin PBXResourcesBuildPhase section */
		7C272D892C02142C00BEF88B /* Resources */ = {
			isa = PBXResourcesBuildPhase;
			buildActionMask = 2147483647;
			files = (
				7C272D982C02142F00BEF88B /* Assets.xcassets in Resources */,
				7C272DAB2C02151A00BEF88B /* Localizable.strings in Resources */,
				7C272D9B2C02142F00BEF88B /* Base in Resources */,
				7C272D962C02142C00BEF88B /* Base in Resources */,
				7C5166AC2C06F69C004CBBD2 /* InfoPlist.strings in Resources */,
			);
			runOnlyForDeploymentPostprocessing = 0;
		};
/* End PBXResourcesBuildPhase section */

/* Begin PBXSourcesBuildPhase section */
		7C272D872C02142C00BEF88B /* Sources */ = {
			isa = PBXSourcesBuildPhase;
			buildActionMask = 2147483647;
			files = (
				7C272D932C02142C00BEF88B /* ViewController.swift in Sources */,
				7C272D8F2C02142C00BEF88B /* AppDelegate.swift in Sources */,
				7C272D912C02142C00BEF88B /* SceneDelegate.swift in Sources */,
			);
			runOnlyForDeploymentPostprocessing = 0;
		};
/* End PBXSourcesBuildPhase section */

/* Begin PBXVariantGroup section */
		7C272D942C02142C00BEF88B /* Main.storyboard */ = {
			isa = PBXVariantGroup;
			children = (
				7C272D952C02142C00BEF88B /* Base */,
			);
			name = Main.storyboard;
			sourceTree = "<group>";
		};
		7C272D992C02142F00BEF88B /* LaunchScreen.storyboard */ = {
			isa = PBXVariantGroup;
			children = (
				7C272D9A2C02142F00BEF88B /* Base */,
			);
			name = LaunchScreen.storyboard;
			sourceTree = "<group>";
		};
		7C272DAA2C02151A00BEF88B /* Localizable.strings */ = {
			isa = PBXVariantGroup;
			children = (
				7C272DA92C02151A00BEF88B /* en */,
				7C272DAC2C02152A00BEF88B /* ja */,
			);
			name = Localizable.strings;
			sourceTree = "<group>";
		};
		7C5166AB2C06F69C004CBBD2 /* InfoPlist.strings */ = {
			isa = PBXVariantGroup;
			children = (
				7C5166AA2C06F69C004CBBD2 /* en */,
				7C5166AD2C06F6A1004CBBD2 /* ja */,
			);
			name = InfoPlist.strings;
			sourceTree = "<group>";
		};
/* End PBXVariantGroup section */

/* Begin XCBuildConfiguration section */
		7C272D9D2C02142F00BEF88B /* Debug */ = {
			isa = XCBuildConfiguration;
			buildSettings = {
				ALWAYS_SEARCH_USER_PATHS = NO;
				ASSETCATALOG_COMPILER_GENERATE_SWIFT_ASSET_SYMBOL_EXTENSIONS = YES;
				CLANG_ANALYZER_LOCALIZABILITY_NONLOCALIZED = YES;
				CLANG_ANALYZER_NONNULL = YES;
				CLANG_ANALYZER_NUMBER_OBJECT_CONVERSION = YES_AGGRESSIVE;
				CLANG_CXX_LANGUAGE_STANDARD = "gnu++20";
				CLANG_ENABLE_MODULES = YES;
				CLANG_ENABLE_OBJC_ARC = YES;
				CLANG_ENABLE_OBJC_WEAK = YES;
				CLANG_WARN_BLOCK_CAPTURE_AUTORELEASING = YES;
				CLANG_WARN_BOOL_CONVERSION = YES;
				CLANG_WARN_COMMA = YES;
				CLANG_WARN_CONSTANT_CONVERSION = YES;
				CLANG_WARN_DEPRECATED_OBJC_IMPLEMENTATIONS = YES;
				CLANG_WARN_DIRECT_OBJC_ISA_USAGE = YES_ERROR;
				CLANG_WARN_DOCUMENTATION_COMMENTS = YES;
				CLANG_WARN_EMPTY_BODY = YES;
				CLANG_WARN_ENUM_CONVERSION = YES;
				CLANG_WARN_INFINITE_RECURSION = YES;
				CLANG_WARN_INT_CONVERSION = YES;
				CLANG_WARN_NON_LITERAL_NULL_CONVERSION = YES;
				CLANG_WARN_OBJC_IMPLICIT_RETAIN_SELF = YES;
				CLANG_WARN_OBJC_LITERAL_CONVERSION = YES;
				CLANG_WARN_OBJC_ROOT_CLASS = YES_ERROR;
				CLANG_WARN_QUOTED_INCLUDE_IN_FRAMEWORK_HEADER = YES;
				CLANG_WARN_RANGE_LOOP_ANALYSIS = YES;
				CLANG_WARN_STRICT_PROTOTYPES = YES;
				CLANG_WARN_SUSPICIOUS_MOVE = YES;
				CLANG_WARN_UNGUARDED_AVAILABILITY = YES_AGGRESSIVE;
				CLANG_WARN_UNREACHABLE_CODE = YES;
				CLANG_WARN__DUPLICATE_METHOD_MATCH = YES;
				COPY_PHASE_STRIP = NO;
				DEBUG_INFORMATION_FORMAT = dwarf;
				ENABLE_STRICT_OBJC_MSGSEND = YES;
				ENABLE_TESTABILITY = YES;
				ENABLE_USER_SCRIPT_SANDBOXING = YES;
				GCC_C_LANGUAGE_STANDARD = gnu17;
				GCC_DYNAMIC_NO_PIC = NO;
				GCC_NO_COMMON_BLOCKS = YES;
				GCC_OPTIMIZATION_LEVEL = 0;
				GCC_PREPROCESSOR_DEFINITIONS = (
					"DEBUG=1",
					"$(inherited)",
				);
				GCC_WARN_64_TO_32_BIT_CONVERSION = YES;
				GCC_WARN_ABOUT_RETURN_TYPE = YES_ERROR;
				GCC_WARN_UNDECLARED_SELECTOR = YES;
				GCC_WARN_UNINITIALIZED_AUTOS = YES_AGGRESSIVE;
				GCC_WARN_UNUSED_FUNCTION = YES;
				GCC_WARN_UNUSED_VARIABLE = YES;
				IPHONEOS_DEPLOYMENT_TARGET = 17.5;
				LOCALIZATION_PREFERS_STRING_CATALOGS = YES;
				MTL_ENABLE_DEBUG_INFO = INCLUDE_SOURCE;
				MTL_FAST_MATH = YES;
				ONLY_ACTIVE_ARCH = YES;
				SDKROOT = iphoneos;
				SWIFT_ACTIVE_COMPILATION_CONDITIONS = "DEBUG $(inherited)";
				SWIFT_OPTIMIZATION_LEVEL = "-Onone";
			};
			name = Debug;
		};
		7C272D9E2C02142F00BEF88B /* Release */ = {
			isa = XCBuildConfiguration;
			buildSettings = {
				ALWAYS_SEARCH_USER_PATHS = NO;
				ASSETCATALOG_COMPILER_GENERATE_SWIFT_ASSET_SYMBOL_EXTENSIONS = YES;
				CLANG_ANALYZER_LOCALIZABILITY_NONLOCALIZED = YES;
				CLANG_ANALYZER_NONNULL = YES;
				CLANG_ANALYZER_NUMBER_OBJECT_CONVERSION = YES_AGGRESSIVE;
				CLANG_CXX_LANGUAGE_STANDARD = "gnu++20";
				CLANG_ENABLE_MODULES = YES;
				CLANG_ENABLE_OBJC_ARC = YES;
				CLANG_ENABLE_OBJC_WEAK = YES;
				CLANG_WARN_BLOCK_CAPTURE_AUTORELEASING = YES;
				CLANG_WARN_BOOL_CONVERSION = YES;
				CLANG_WARN_COMMA = YES;
				CLANG_WARN_CONSTANT_CONVERSION = YES;
				CLANG_WARN_DEPRECATED_OBJC_IMPLEMENTATIONS = YES;
				CLANG_WARN_DIRECT_OBJC_ISA_USAGE = YES_ERROR;
				CLANG_WARN_DOCUMENTATION_COMMENTS = YES;
				CLANG_WARN_EMPTY_BODY = YES;
				CLANG_WARN_ENUM_CONVERSION = YES;
				CLANG_WARN_INFINITE_RECURSION = YES;
				CLANG_WARN_INT_CONVERSION = YES;
				CLANG_WARN_NON_LITERAL_NULL_CONVERSION = YES;
				CLANG_WARN_OBJC_IMPLICIT_RETAIN_SELF = YES;
				CLANG_WARN_OBJC_LITERAL_CONVERSION = YES;
				CLANG_WARN_OBJC_ROOT_CLASS = YES_ERROR;
				CLANG_WARN_QUOTED_INCLUDE_IN_FRAMEWORK_HEADER = YES;
				CLANG_WARN_RANGE_LOOP_ANALYSIS = YES;
				CLANG_WARN_STRICT_PROTOTYPES = YES;
				CLANG_WARN_SUSPICIOUS_MOVE = YES;
				CLANG_WARN_UNGUARDED_AVAILABILITY = YES_AGGRESSIVE;
				CLANG_WARN_UNREACHABLE_CODE = YES;
				CLANG_WARN__DUPLICATE_METHOD_MATCH = YES;
				COPY_PHASE_STRIP = NO;
				DEBUG_INFORMATION_FORMAT = "dwarf-with-dsym";
				ENABLE_NS_ASSERTIONS = NO;
				ENABLE_STRICT_OBJC_MSGSEND = YES;
				ENABLE_USER_SCRIPT_SANDBOXING = YES;
				GCC_C_LANGUAGE_STANDARD = gnu17;
				GCC_NO_COMMON_BLOCKS = YES;
				GCC_WARN_64_TO_32_BIT_CONVERSION = YES;
				GCC_WARN_ABOUT_RETURN_TYPE = YES_ERROR;
				GCC_WARN_UNDECLARED_SELECTOR = YES;
				GCC_WARN_UNINITIALIZED_AUTOS = YES_AGGRESSIVE;
				GCC_WARN_UNUSED_FUNCTION = YES;
				GCC_WARN_UNUSED_VARIABLE = YES;
				IPHONEOS_DEPLOYMENT_TARGET = 17.5;
				LOCALIZATION_PREFERS_STRING_CATALOGS = YES;
				MTL_ENABLE_DEBUG_INFO = NO;
				MTL_FAST_MATH = YES;
				SDKROOT = iphoneos;
				SWIFT_COMPILATION_MODE = wholemodule;
				VALIDATE_PRODUCT = YES;
			};
			name = Release;
		};
		7C272DA02C02142F00BEF88B /* Debug */ = {
			isa = XCBuildConfiguration;
			buildSettings = {
				ASSETCATALOG_COMPILER_APPICON_NAME = AppIcon;
				ASSETCATALOG_COMPILER_GLOBAL_ACCENT_COLOR_NAME = AccentColor;
				CODE_SIGN_STYLE = Automatic;
				CURRENT_PROJECT_VERSION = 1;
				DEVELOPMENT_TEAM = 47788WWNZA;
				GENERATE_INFOPLIST_FILE = YES;
				INFOPLIST_FILE = UserLocationTrackApp/Info.plist;
				INFOPLIST_KEY_UIApplicationSupportsIndirectInputEvents = YES;
				INFOPLIST_KEY_UILaunchStoryboardName = LaunchScreen;
				INFOPLIST_KEY_UIMainStoryboardFile = Main;
				INFOPLIST_KEY_UISupportedInterfaceOrientations_iPad = "UIInterfaceOrientationPortrait UIInterfaceOrientationPortraitUpsideDown UIInterfaceOrientationLandscapeLeft UIInterfaceOrientationLandscapeRight";
				INFOPLIST_KEY_UISupportedInterfaceOrientations_iPhone = "UIInterfaceOrientationPortrait UIInterfaceOrientationLandscapeLeft UIInterfaceOrientationLandscapeRight";
				IPHONEOS_DEPLOYMENT_TARGET = 15.0;
				LD_RUNPATH_SEARCH_PATHS = (
					"$(inherited)",
					"@executable_path/Frameworks",
				);
				MARKETING_VERSION = 1.0.0;
				PRODUCT_BUNDLE_IDENTIFIER = com.mac.uhara.UserLocationTrackApp;
				PRODUCT_NAME = "$(TARGET_NAME)";
				SWIFT_EMIT_LOC_STRINGS = YES;
				SWIFT_VERSION = 5.0;
				TARGETED_DEVICE_FAMILY = "1,2";
			};
			name = Debug;
		};
		7C272DA12C02142F00BEF88B /* Release */ = {
			isa = XCBuildConfiguration;
			buildSettings = {
				ASSETCATALOG_COMPILER_APPICON_NAME = AppIcon;
				ASSETCATALOG_COMPILER_GLOBAL_ACCENT_COLOR_NAME = AccentColor;
				CODE_SIGN_STYLE = Automatic;
				CURRENT_PROJECT_VERSION = 1;
				DEVELOPMENT_TEAM = 47788WWNZA;
				GENERATE_INFOPLIST_FILE = YES;
				INFOPLIST_FILE = UserLocationTrackApp/Info.plist;
				INFOPLIST_KEY_UIApplicationSupportsIndirectInputEvents = YES;
				INFOPLIST_KEY_UILaunchStoryboardName = LaunchScreen;
				INFOPLIST_KEY_UIMainStoryboardFile = Main;
				INFOPLIST_KEY_UISupportedInterfaceOrientations_iPad = "UIInterfaceOrientationPortrait UIInterfaceOrientationPortraitUpsideDown UIInterfaceOrientationLandscapeLeft UIInterfaceOrientationLandscapeRight";
				INFOPLIST_KEY_UISupportedInterfaceOrientations_iPhone = "UIInterfaceOrientationPortrait UIInterfaceOrientationLandscapeLeft UIInterfaceOrientationLandscapeRight";
				IPHONEOS_DEPLOYMENT_TARGET = 15.0;
				LD_RUNPATH_SEARCH_PATHS = (
					"$(inherited)",
					"@executable_path/Frameworks",
				);
				MARKETING_VERSION = 1.0.0;
				PRODUCT_BUNDLE_IDENTIFIER = com.mac.uhara.UserLocationTrackApp;
				PRODUCT_NAME = "$(TARGET_NAME)";
				SWIFT_EMIT_LOC_STRINGS = YES;
				SWIFT_VERSION = 5.0;
				TARGETED_DEVICE_FAMILY = "1,2";
			};
			name = Release;
		};
/* End XCBuildConfiguration section */

/* Begin XCConfigurationList section */
		7C272D862C02142C00BEF88B /* Build configuration list for PBXProject "UserLocationTrackApp" */ = {
			isa = XCConfigurationList;
			buildConfigurations = (
				7C272D9D2C02142F00BEF88B /* Debug */,
				7C272D9E2C02142F00BEF88B /* Release */,
			);
			defaultConfigurationIsVisible = 0;
			defaultConfigurationName = Release;
		};
		7C272D9F2C02142F00BEF88B /* Build configuration list for PBXNativeTarget "UserLocationTrackApp" */ = {
			isa = XCConfigurationList;
			buildConfigurations = (
				7C272DA02C02142F00BEF88B /* Debug */,
				7C272DA12C02142F00BEF88B /* Release */,
			);
			defaultConfigurationIsVisible = 0;
			defaultConfigurationName = Release;
		};
/* End XCConfigurationList section */
	};
	rootObject = 7C272D832C02142C00BEF88B /* Project object */;
}
